PODS:
  - Alamofire (4.3.0)
  - AlamofireImage (3.2.0):
    - Alamofire (~> 4.1)
  - Apollo (0.5.4)

DEPENDENCIES:
  - Alamofire
  - AlamofireImage
  - Apollo

SPEC CHECKSUMS:
  Alamofire: 856a113053a7bc9cbe5d6367a555d773fc5cfef7
  AlamofireImage: 157ed682cc81d3b9db4fb90c1f12180ac552d93b
  Apollo: 8c705aeffcc23f5483e10e2b70d87760d83a9fe0

PODFILE CHECKSUM: a3b50b0264993aed2a1d53a0787aa3b3823b8182

COCOAPODS: 1.2.0
